// !$*UTF8*$!
{
	archiveVersion = 1;
	classes = {
	};
	objectVersion = 56;
	objects = {

/* Begin PBXBuildFile section */
		EE071DD629DE1A0F006BC06D /* Extensions.swift in Sources */ = {isa = PBXBuildFile; fileRef = EE071DD529DE1A0F006BC06D /* Extensions.swift */; };
		EE70117329E78392001F90F1 /* GoogleService-Info.plist in Resources */ = {isa = PBXBuildFile; fileRef = EE70117229E78392001F90F1 /* GoogleService-Info.plist */; };
		EE70117929E7862F001F90F1 /* FirebaseAnalytics in Frameworks */ = {isa = PBXBuildFile; productRef = EE70117829E7862F001F90F1 /* FirebaseAnalytics */; };
		EE70117B29E7862F001F90F1 /* FirebaseAuth in Frameworks */ = {isa = PBXBuildFile; productRef = EE70117A29E7862F001F90F1 /* FirebaseAuth */; };
		EE70117D29E7862F001F90F1 /* FirebaseDatabase in Frameworks */ = {isa = PBXBuildFile; productRef = EE70117C29E7862F001F90F1 /* FirebaseDatabase */; };
		EEC109C729D7BB5B008B2C95 /* AppDelegate.swift in Sources */ = {isa = PBXBuildFile; fileRef = EEC109C629D7BB5B008B2C95 /* AppDelegate.swift */; };
		EEC109C929D7BB5B008B2C95 /* SceneDelegate.swift in Sources */ = {isa = PBXBuildFile; fileRef = EEC109C829D7BB5B008B2C95 /* SceneDelegate.swift */; };
		EEC109CB29D7BB5B008B2C95 /* ViewController.swift in Sources */ = {isa = PBXBuildFile; fileRef = EEC109CA29D7BB5B008B2C95 /* ViewController.swift */; };
		EEC109CE29D7BB5B008B2C95 /* Main.storyboard in Resources */ = {isa = PBXBuildFile; fileRef = EEC109CC29D7BB5B008B2C95 /* Main.storyboard */; };
		EEC109D029D7BB5C008B2C95 /* Assets.xcassets in Resources */ = {isa = PBXBuildFile; fileRef = EEC109CF29D7BB5C008B2C95 /* Assets.xcassets */; };
		EEC109D329D7BB5C008B2C95 /* LaunchScreen.storyboard in Resources */ = {isa = PBXBuildFile; fileRef = EEC109D129D7BB5C008B2C95 /* LaunchScreen.storyboard */; };
/* End PBXBuildFile section */

/* Begin PBXFileReference section */
		EE071DD529DE1A0F006BC06D /* Extensions.swift */ = {isa = PBXFileReference; lastKnownFileType = sourcecode.swift; path = Extensions.swift; sourceTree = "<group>"; };
		EE70117229E78392001F90F1 /* GoogleService-Info.plist */ = {isa = PBXFileReference; fileEncoding = 4; lastKnownFileType = text.plist.xml; path = "GoogleService-Info.plist"; sourceTree = "<group>"; };
		EEC109C329D7BB5B008B2C95 /* InstagramFirebase.app */ = {isa = PBXFileReference; explicitFileType = wrapper.application; includeInIndex = 0; path = InstagramFirebase.app; sourceTree = BUILT_PRODUCTS_DIR; };
		EEC109C629D7BB5B008B2C95 /* AppDelegate.swift */ = {isa = PBXFileReference; lastKnownFileType = sourcecode.swift; path = AppDelegate.swift; sourceTree = "<group>"; };
		EEC109C829D7BB5B008B2C95 /* SceneDelegate.swift */ = {isa = PBXFileReference; lastKnownFileType = sourcecode.swift; path = SceneDelegate.swift; sourceTree = "<group>"; };
		EEC109CA29D7BB5B008B2C95 /* ViewController.swift */ = {isa = PBXFileReference; lastKnownFileType = sourcecode.swift; path = ViewController.swift; sourceTree = "<group>"; };
		EEC109CD29D7BB5B008B2C95 /* Base */ = {isa = PBXFileReference; lastKnownFileType = file.storyboard; name = Base; path = Base.lproj/Main.storyboard; sourceTree = "<group>"; };
		EEC109CF29D7BB5C008B2C95 /* Assets.xcassets */ = {isa = PBXFileReference; lastKnownFileType = folder.assetcatalog; path = Assets.xcassets; sourceTree = "<group>"; };
		EEC109D229D7BB5C008B2C95 /* Base */ = {isa = PBXFileReference; lastKnownFileType = file.storyboard; name = Base; path = Base.lproj/LaunchScreen.storyboard; sourceTree = "<group>"; };
		EEC109D429D7BB5C008B2C95 /* Info.plist */ = {isa = PBXFileReference; lastKnownFileType = text.plist.xml; path = Info.plist; sourceTree = "<group>"; };
/* End PBXFileReference section */

/* Begin PBXFrameworksBuildPhase section */
		EEC109C029D7BB5B008B2C95 /* Frameworks */ = {
			isa = PBXFrameworksBuildPhase;
			buildActionMask = 2147483647;
			files = (
				EE70117D29E7862F001F90F1 /* FirebaseDatabase in Frameworks */,
				EE70117929E7862F001F90F1 /* FirebaseAnalytics in Frameworks */,
				EE70117B29E7862F001F90F1 /* FirebaseAuth in Frameworks */,
			);
			runOnlyForDeploymentPostprocessing = 0;
		};
/* End PBXFrameworksBuildPhase section */

/* Begin PBXGroup section */
		EE071DD429DE19EC006BC06D /* Utils */ = {
			isa = PBXGroup;
			children = (
				EE071DD529DE1A0F006BC06D /* Extensions.swift */,
			);
			path = Utils;
			sourceTree = "<group>";
		};
		EEC109BA29D7BB5B008B2C95 = {
			isa = PBXGroup;
			children = (
				EEC109C529D7BB5B008B2C95 /* InstagramFirebase */,
				EEC109C429D7BB5B008B2C95 /* Products */,
			);
			sourceTree = "<group>";
		};
		EEC109C429D7BB5B008B2C95 /* Products */ = {
			isa = PBXGroup;
			children = (
				EEC109C329D7BB5B008B2C95 /* InstagramFirebase.app */,
			);
			name = Products;
			sourceTree = "<group>";
		};
		EEC109C529D7BB5B008B2C95 /* InstagramFirebase */ = {
			isa = PBXGroup;
			children = (
				EE70117229E78392001F90F1 /* GoogleService-Info.plist */,
				EE071DD429DE19EC006BC06D /* Utils */,
				EEC109C629D7BB5B008B2C95 /* AppDelegate.swift */,
				EEC109C829D7BB5B008B2C95 /* SceneDelegate.swift */,
				EEC109CA29D7BB5B008B2C95 /* ViewController.swift */,
				EEC109CC29D7BB5B008B2C95 /* Main.storyboard */,
				EEC109CF29D7BB5C008B2C95 /* Assets.xcassets */,
				EEC109D129D7BB5C008B2C95 /* LaunchScreen.storyboard */,
				EEC109D429D7BB5C008B2C95 /* Info.plist */,
			);
			path = InstagramFirebase;
			sourceTree = "<group>";
		};
/* End PBXGroup section */

/* Begin PBXNativeTarget section */
		EEC109C229D7BB5B008B2C95 /* InstagramFirebase */ = {
			isa = PBXNativeTarget;
			buildConfigurationList = EEC109D729D7BB5C008B2C95 /* Build configuration list for PBXNativeTarget "InstagramFirebase" */;
			buildPhases = (
				EEC109BF29D7BB5B008B2C95 /* Sources */,
				EEC109C029D7BB5B008B2C95 /* Frameworks */,
				EEC109C129D7BB5B008B2C95 /* Resources */,
			);
			buildRules = (
			);
			dependencies = (
			);
			name = InstagramFirebase;
			packageProductDependencies = (
				EE70117829E7862F001F90F1 /* FirebaseAnalytics */,
				EE70117A29E7862F001F90F1 /* FirebaseAuth */,
				EE70117C29E7862F001F90F1 /* FirebaseDatabase */,
			);
			productName = InstagramFirebase;
			productReference = EEC109C329D7BB5B008B2C95 /* InstagramFirebase.app */;
			productType = "com.apple.product-type.application";
		};
/* End PBXNativeTarget section */

/* Begin PBXProject section */
		EEC109BB29D7BB5B008B2C95 /* Project object */ = {
			isa = PBXProject;
			attributes = {
				BuildIndependentTargetsInParallel = 1;
				LastSwiftUpdateCheck = 1420;
				LastUpgradeCheck = 1420;
				TargetAttributes = {
					EEC109C229D7BB5B008B2C95 = {
						CreatedOnToolsVersion = 14.2;
					};
				};
			};
			buildConfigurationList = EEC109BE29D7BB5B008B2C95 /* Build configuration list for PBXProject "InstagramFirebase" */;
			compatibilityVersion = "Xcode 14.0";
			developmentRegion = en;
			hasScannedForEncodings = 0;
			knownRegions = (
				en,
				Base,
			);
			mainGroup = EEC109BA29D7BB5B008B2C95;
			packageReferences = (
				EE70117729E7862F001F90F1 /* XCRemoteSwiftPackageReference "firebase-ios-sdk" */,
			);
			productRefGroup = EEC109C429D7BB5B008B2C95 /* Products */;
			projectDirPath = "";
			projectRoot = "";
			targets = (
				EEC109C229D7BB5B008B2C95 /* InstagramFirebase */,
			);
		};
/* End PBXProject section */

/* Begin PBXResourcesBuildPhase section */
		EEC109C129D7BB5B008B2C95 /* Resources */ = {
			isa = PBXResourcesBuildPhase;
			buildActionMask = 2147483647;
			files = (
				EEC109D329D7BB5C008B2C95 /* LaunchScreen.storyboard in Resources */,
				EE70117329E78392001F90F1 /* GoogleService-Info.plist in Resources */,
				EEC109D029D7BB5C008B2C95 /* Assets.xcassets in Resources */,
				EEC109CE29D7BB5B008B2C95 /* Main.storyboard in Resources */,
			);
			runOnlyForDeploymentPostprocessing = 0;
		};
/* End PBXResourcesBuildPhase section */

/* Begin PBXSourcesBuildPhase section */
		EEC109BF29D7BB5B008B2C95 /* Sources */ = {
			isa = PBXSourcesBuildPhase;
			buildActionMask = 2147483647;
			files = (
				EEC109CB29D7BB5B008B2C95 /* ViewController.swift in Sources */,
				EEC109C729D7BB5B008B2C95 /* AppDelegate.swift in Sources */,
				EEC109C929D7BB5B008B2C95 /* SceneDelegate.swift in Sources */,
				EE071DD629DE1A0F006BC06D /* Extensions.swift in Sources */,
			);
			runOnlyForDeploymentPostprocessing = 0;
		};
/* End PBXSourcesBuildPhase section */

/* Begin PBXVariantGroup section */
		EEC109CC29D7BB5B008B2C95 /* Main.storyboard */ = {
			isa = PBXVariantGroup;
			children = (
				EEC109CD29D7BB5B008B2C95 /* Base */,
			);
			name = Main.storyboard;
			sourceTree = "<group>";
		};
		EEC109D129D7BB5C008B2C95 /* LaunchScreen.storyboard */ = {
			isa = PBXVariantGroup;
			children = (
				EEC109D229D7BB5C008B2C95 /* Base */,
			);
			name = LaunchScreen.storyboard;
			sourceTree = "<group>";
		};
/* End PBXVariantGroup section */

/* Begin XCBuildConfiguration section */
		EEC109D529D7BB5C008B2C95 /* Debug */ = {
			isa = XCBuildConfiguration;
			buildSettings = {
				ALWAYS_SEARCH_USER_PATHS = NO;
				CLANG_ANALYZER_NONNULL = YES;
				CLANG_ANALYZER_NUMBER_OBJECT_CONVERSION = YES_AGGRESSIVE;
				CLANG_CXX_LANGUAGE_STANDARD = "gnu++20";
				CLANG_ENABLE_MODULES = YES;
				CLANG_ENABLE_OBJC_ARC = YES;
				CLANG_ENABLE_OBJC_WEAK = YES;
				CLANG_WARN_BLOCK_CAPTURE_AUTORELEASING = YES;
				CLANG_WARN_BOOL_CONVERSION = YES;
				CLANG_WARN_COMMA = YES;
				CLANG_WARN_CONSTANT_CONVERSION = YES;
				CLANG_WARN_DEPRECATED_OBJC_IMPLEMENTATIONS = YES;
				CLANG_WARN_DIRECT_OBJC_ISA_USAGE = YES_ERROR;
				CLANG_WARN_DOCUMENTATION_COMMENTS = YES;
				CLANG_WARN_EMPTY_BODY = YES;
				CLANG_WARN_ENUM_CONVERSION = YES;
				CLANG_WARN_INFINITE_RECURSION = YES;
				CLANG_WARN_INT_CONVERSION = YES;
				CLANG_WARN_NON_LITERAL_NULL_CONVERSION = YES;
				CLANG_WARN_OBJC_IMPLICIT_RETAIN_SELF = YES;
				CLANG_WARN_OBJC_LITERAL_CONVERSION = YES;
				CLANG_WARN_OBJC_ROOT_CLASS = YES_ERROR;
				CLANG_WARN_QUOTED_INCLUDE_IN_FRAMEWORK_HEADER = YES;
				CLANG_WARN_RANGE_LOOP_ANALYSIS = YES;
				CLANG_WARN_STRICT_PROTOTYPES = YES;
				CLANG_WARN_SUSPICIOUS_MOVE = YES;
				CLANG_WARN_UNGUARDED_AVAILABILITY = YES_AGGRESSIVE;
				CLANG_WARN_UNREACHABLE_CODE = YES;
				CLANG_WARN__DUPLICATE_METHOD_MATCH = YES;
				COPY_PHASE_STRIP = NO;
				DEBUG_INFORMATION_FORMAT = dwarf;
				ENABLE_STRICT_OBJC_MSGSEND = YES;
				ENABLE_TESTABILITY = YES;
				GCC_C_LANGUAGE_STANDARD = gnu11;
				GCC_DYNAMIC_NO_PIC = NO;
				GCC_NO_COMMON_BLOCKS = YES;
				GCC_OPTIMIZATION_LEVEL = 0;
				GCC_PREPROCESSOR_DEFINITIONS = (
					"DEBUG=1",
					"$(inherited)",
				);
				GCC_WARN_64_TO_32_BIT_CONVERSION = YES;
				GCC_WARN_ABOUT_RETURN_TYPE = YES_ERROR;
				GCC_WARN_UNDECLARED_SELECTOR = YES;
				GCC_WARN_UNINITIALIZED_AUTOS = YES_AGGRESSIVE;
				GCC_WARN_UNUSED_FUNCTION = YES;
				GCC_WARN_UNUSED_VARIABLE = YES;
				IPHONEOS_DEPLOYMENT_TARGET = 16.2;
				MTL_ENABLE_DEBUG_INFO = INCLUDE_SOURCE;
				MTL_FAST_MATH = YES;
				ONLY_ACTIVE_ARCH = YES;
				SDKROOT = iphoneos;
				SWIFT_ACTIVE_COMPILATION_CONDITIONS = DEBUG;
				SWIFT_OPTIMIZATION_LEVEL = "-Onone";
			};
			name = Debug;
		};
		EEC109D629D7BB5C008B2C95 /* Release */ = {
			isa = XCBuildConfiguration;
			buildSettings = {
				ALWAYS_SEARCH_USER_PATHS = NO;
				CLANG_ANALYZER_NONNULL = YES;
				CLANG_ANALYZER_NUMBER_OBJECT_CONVERSION = YES_AGGRESSIVE;
				CLANG_CXX_LANGUAGE_STANDARD = "gnu++20";
				CLANG_ENABLE_MODULES = YES;
				CLANG_ENABLE_OBJC_ARC = YES;
				CLANG_ENABLE_OBJC_WEAK = YES;
				CLANG_WARN_BLOCK_CAPTURE_AUTORELEASING = YES;
				CLANG_WARN_BOOL_CONVERSION = YES;
				CLANG_WARN_COMMA = YES;
				CLANG_WARN_CONSTANT_CONVERSION = YES;
				CLANG_WARN_DEPRECATED_OBJC_IMPLEMENTATIONS = YES;
				CLANG_WARN_DIRECT_OBJC_ISA_USAGE = YES_ERROR;
				CLANG_WARN_DOCUMENTATION_COMMENTS = YES;
				CLANG_WARN_EMPTY_BODY = YES;
				CLANG_WARN_ENUM_CONVERSION = YES;
				CLANG_WARN_INFINITE_RECURSION = YES;
				CLANG_WARN_INT_CONVERSION = YES;
				CLANG_WARN_NON_LITERAL_NULL_CONVERSION = YES;
				CLANG_WARN_OBJC_IMPLICIT_RETAIN_SELF = YES;
				CLANG_WARN_OBJC_LITERAL_CONVERSION = YES;
				CLANG_WARN_OBJC_ROOT_CLASS = YES_ERROR;
				CLANG_WARN_QUOTED_INCLUDE_IN_FRAMEWORK_HEADER = YES;
				CLANG_WARN_RANGE_LOOP_ANALYSIS = YES;
				CLANG_WARN_STRICT_PROTOTYPES = YES;
				CLANG_WARN_SUSPICIOUS_MOVE = YES;
				CLANG_WARN_UNGUARDED_AVAILABILITY = YES_AGGRESSIVE;
				CLANG_WARN_UNREACHABLE_CODE = YES;
				CLANG_WARN__DUPLICATE_METHOD_MATCH = YES;
				COPY_PHASE_STRIP = NO;
				DEBUG_INFORMATION_FORMAT = "dwarf-with-dsym";
				ENABLE_NS_ASSERTIONS = NO;
				ENABLE_STRICT_OBJC_MSGSEND = YES;
				GCC_C_LANGUAGE_STANDARD = gnu11;
				GCC_NO_COMMON_BLOCKS = YES;
				GCC_WARN_64_TO_32_BIT_CONVERSION = YES;
				GCC_WARN_ABOUT_RETURN_TYPE = YES_ERROR;
				GCC_WARN_UNDECLARED_SELECTOR = YES;
				GCC_WARN_UNINITIALIZED_AUTOS = YES_AGGRESSIVE;
				GCC_WARN_UNUSED_FUNCTION = YES;
				GCC_WARN_UNUSED_VARIABLE = YES;
				IPHONEOS_DEPLOYMENT_TARGET = 16.2;
				MTL_ENABLE_DEBUG_INFO = NO;
				MTL_FAST_MATH = YES;
				SDKROOT = iphoneos;
				SWIFT_COMPILATION_MODE = wholemodule;
				SWIFT_OPTIMIZATION_LEVEL = "-O";
				VALIDATE_PRODUCT = YES;
			};
			name = Release;
		};
		EEC109D829D7BB5C008B2C95 /* Debug */ = {
			isa = XCBuildConfiguration;
			buildSettings = {
				ASSETCATALOG_COMPILER_APPICON_NAME = AppIcon;
				ASSETCATALOG_COMPILER_GLOBAL_ACCENT_COLOR_NAME = AccentColor;
				CODE_SIGN_STYLE = Automatic;
				CURRENT_PROJECT_VERSION = 1;
				DEVELOPMENT_TEAM = 93HRNBA952;
				GENERATE_INFOPLIST_FILE = YES;
				INFOPLIST_FILE = InstagramFirebase/Info.plist;
				INFOPLIST_KEY_UIApplicationSupportsIndirectInputEvents = YES;
				INFOPLIST_KEY_UILaunchStoryboardName = LaunchScreen;
				INFOPLIST_KEY_UIMainStoryboardFile = Main;
				INFOPLIST_KEY_UISupportedInterfaceOrientations_iPad = "UIInterfaceOrientationPortrait UIInterfaceOrientationPortraitUpsideDown UIInterfaceOrientationLandscapeLeft UIInterfaceOrientationLandscapeRight";
				INFOPLIST_KEY_UISupportedInterfaceOrientations_iPhone = "UIInterfaceOrientationPortrait UIInterfaceOrientationLandscapeLeft UIInterfaceOrientationLandscapeRight";
				LD_RUNPATH_SEARCH_PATHS = (
					"$(inherited)",
					"@executable_path/Frameworks",
				);
				MARKETING_VERSION = 1.0;
				PRODUCT_BUNDLE_IDENTIFIER = com.kwakudapaah.InstagramFirebase;
				PRODUCT_NAME = "$(TARGET_NAME)";
				SWIFT_EMIT_LOC_STRINGS = YES;
				SWIFT_VERSION = 5.0;
				TARGETED_DEVICE_FAMILY = "1,2";
			};
			name = Debug;
		};
		EEC109D929D7BB5C008B2C95 /* Release */ = {
			isa = XCBuildConfiguration;
			buildSettings = {
				ASSETCATALOG_COMPILER_APPICON_NAME = AppIcon;
				ASSETCATALOG_COMPILER_GLOBAL_ACCENT_COLOR_NAME = AccentColor;
				CODE_SIGN_STYLE = Automatic;
				CURRENT_PROJECT_VERSION = 1;
				DEVELOPMENT_TEAM = 93HRNBA952;
				GENERATE_INFOPLIST_FILE = YES;
				INFOPLIST_FILE = InstagramFirebase/Info.plist;
				INFOPLIST_KEY_UIApplicationSupportsIndirectInputEvents = YES;
				INFOPLIST_KEY_UILaunchStoryboardName = LaunchScreen;
				INFOPLIST_KEY_UIMainStoryboardFile = Main;
				INFOPLIST_KEY_UISupportedInterfaceOrientations_iPad = "UIInterfaceOrientationPortrait UIInterfaceOrientationPortraitUpsideDown UIInterfaceOrientationLandscapeLeft UIInterfaceOrientationLandscapeRight";
				INFOPLIST_KEY_UISupportedInterfaceOrientations_iPhone = "UIInterfaceOrientationPortrait UIInterfaceOrientationLandscapeLeft UIInterfaceOrientationLandscapeRight";
				LD_RUNPATH_SEARCH_PATHS = (
					"$(inherited)",
					"@executable_path/Frameworks",
				);
				MARKETING_VERSION = 1.0;
				PRODUCT_BUNDLE_IDENTIFIER = com.kwakudapaah.InstagramFirebase;
				PRODUCT_NAME = "$(TARGET_NAME)";
				SWIFT_EMIT_LOC_STRINGS = YES;
				SWIFT_VERSION = 5.0;
				TARGETED_DEVICE_FAMILY = "1,2";
			};
			name = Release;
		};
/* End XCBuildConfiguration section */

/* Begin XCConfigurationList section */
		EEC109BE29D7BB5B008B2C95 /* Build configuration list for PBXProject "InstagramFirebase" */ = {
			isa = XCConfigurationList;
			buildConfigurations = (
				EEC109D529D7BB5C008B2C95 /* Debug */,
				EEC109D629D7BB5C008B2C95 /* Release */,
			);
			defaultConfigurationIsVisible = 0;
			defaultConfigurationName = Release;
		};
		EEC109D729D7BB5C008B2C95 /* Build configuration list for PBXNativeTarget "InstagramFirebase" */ = {
			isa = XCConfigurationList;
			buildConfigurations = (
				EEC109D829D7BB5C008B2C95 /* Debug */,
				EEC109D929D7BB5C008B2C95 /* Release */,
			);
			defaultConfigurationIsVisible = 0;
			defaultConfigurationName = Release;
		};
/* End XCConfigurationList section */

/* Begin XCRemoteSwiftPackageReference section */
		EE70117729E7862F001F90F1 /* XCRemoteSwiftPackageReference "firebase-ios-sdk" */ = {
			isa = XCRemoteSwiftPackageReference;
			repositoryURL = "https://github.com/firebase/firebase-ios-sdk";
			requirement = {
				kind = upToNextMajorVersion;
				minimumVersion = 10.0.0;
			};
		};
/* End XCRemoteSwiftPackageReference section */

/* Begin XCSwiftPackageProductDependency section */
		EE70117829E7862F001F90F1 /* FirebaseAnalytics */ = {
			isa = XCSwiftPackageProductDependency;
			package = EE70117729E7862F001F90F1 /* XCRemoteSwiftPackageReference "firebase-ios-sdk" */;
			productName = FirebaseAnalytics;
		};
		EE70117A29E7862F001F90F1 /* FirebaseAuth */ = {
			isa = XCSwiftPackageProductDependency;
			package = EE70117729E7862F001F90F1 /* XCRemoteSwiftPackageReference "firebase-ios-sdk" */;
			productName = FirebaseAuth;
		};
		EE70117C29E7862F001F90F1 /* FirebaseDatabase */ = {
			isa = XCSwiftPackageProductDependency;
			package = EE70117729E7862F001F90F1 /* XCRemoteSwiftPackageReference "firebase-ios-sdk" */;
			productName = FirebaseDatabase;
		};
/* End XCSwiftPackageProductDependency section */
	};
	rootObject = EEC109BB29D7BB5B008B2C95 /* Project object */;
}
